
Microsoft Visual Studio Solution File, Format Version 12.00
# Visual Studio Version 16
VisualStudioVersion = 25.0.1706.9
MinimumVisualStudioVersion = 10.0.40219.1
Project("{FAE04EC0-301F-11D3-BF4B-00C04F79EFBC}") = "testproj", "testproj\testproj.csproj", "{895A2943-764A-40B8-A7DF-5C0A32956AE7}"
EndProject
Global
	GlobalSection(SolutionConfigurationPlatforms) = preSolution
		Debug|Any CPU = Debug|Any CPU
		Release|Any CPU = Release|Any CPU
	EndGlobalSection
	GlobalSection(ProjectConfigurationPlatforms) = postSolution
		{895A2943-764A-40B8-A7DF-5C0A32956AE7}.Debug|Any CPU.ActiveCfg = Debug|Any CPU
		{895A2943-764A-40B8-A7DF-5C0A32956AE7}.Debug|Any CPU.Build.0 = Debug|Any CPU
		{895A2943-764A-40B8-A7DF-5C0A32956AE7}.Release|Any CPU.ActiveCfg = Release|Any CPU
		{895A2943-764A-40B8-A7DF-5C0A32956AE7}.Release|Any CPU.Build.0 = Release|Any CPU
	EndGlobalSection
	GlobalSection(SolutionProperties) = preSolution
		HideSolutionNode = FALSE
	EndGlobalSection
	GlobalSection(ExtensibilityGlobals) = postSolution
		SolutionGuid = {6CBF9DAD-3D36-487D-BDFC-3AA2DBA8F01F}
	EndGlobalSection
EndGlobal
